
Microsoft Visual Studio Solution File, Format Version 12.00
# Visual Studio 15
VisualStudioVersion = 15.0.27004.2008
MinimumVisualStudioVersion = 10.0.40219.1
Project("{FAE04EC0-301F-11D3-BF4B-00C04F79EFBC}") = "Катеты", "Катеты\Катеты.csproj", "{CCA13FF8-CFF0-4BC4-A6DD-62FF4EDFBF02}"
EndProject
Project("{FAE04EC0-301F-11D3-BF4B-00C04F79EFBC}") = "Спидер", "Спидер\Спидер.csproj", "{6141F44F-50A4-440F-8668-313C44F86F0C}"
EndProject
Project("{FAE04EC0-301F-11D3-BF4B-00C04F79EFBC}") = "зм3и я", "зм3и я\зм3и я.csproj", "{5D0AC33C-A127-4B7D-B086-A8B227399845}"
EndProject
Project("{FAE04EC0-301F-11D3-BF4B-00C04F79EFBC}") = "test code", "test code\test code.csproj", "{7642AD49-0A5A-4C84-8E3A-6D6F35FD6CFC}"
EndProject
Project("{FAE04EC0-301F-11D3-BF4B-00C04F79EFBC}") = "ToUpper", "ToUpper\ToUpper.csproj", "{D6F5C5F3-105F-4427-ADB3-255C252637BE}"
EndProject
Project("{FAE04EC0-301F-11D3-BF4B-00C04F79EFBC}") = "ClassExample", "ClassExample\ClassExample.csproj", "{9D21C326-BB05-4440-B5E3-6FC2FE30B422}"
EndProject
Project("{FAE04EC0-301F-11D3-BF4B-00C04F79EFBC}") = "Код Цезазя", "Код Цезазя\Код Цезазя.csproj", "{3C8FE511-6A67-45FF-ABDF-A149DF61C97B}"
EndProject
Project("{FAE04EC0-301F-11D3-BF4B-00C04F79EFBC}") = "Поле чудец", "Поле чудец\Поле чудец.csproj", "{AE70CD89-24C6-4ED1-8986-D6D37A877790}"
EndProject
Project("{FAE04EC0-301F-11D3-BF4B-00C04F79EFBC}") = "PitCraft", "PitCraft\PitCraft.csproj", "{D3F1ED0D-9B76-4A06-89AC-78A7F46649CF}"
EndProject
Project("{FAE04EC0-301F-11D3-BF4B-00C04F79EFBC}") = "Счёт птец", "Счёт птец\Счёт птец.csproj", "{6915F0C2-6D42-485D-8F0D-AB690DC1AE65}"
EndProject
Project("{FAE04EC0-301F-11D3-BF4B-00C04F79EFBC}") = "Пирамида", "Пирамида\Пирамида.csproj", "{F2C0547F-111D-4BC7-9B64-0F6060CD5ADB}"
EndProject
Project("{FAE04EC0-301F-11D3-BF4B-00C04F79EFBC}") = "Plot", "Plot\Plot.csproj", "{0212DA13-EBF8-41BB-874B-F78A9F57F49E}"
EndProject
Project("{FAE04EC0-301F-11D3-BF4B-00C04F79EFBC}") = "Alt + Tab", "Alt + Tab\Alt + Tab.csproj", "{09F075F5-B008-4873-9928-F0616094B097}"
EndProject
Project("{FAE04EC0-301F-11D3-BF4B-00C04F79EFBC}") = "Client Server", "Client Server\Client Server.csproj", "{E5DB5B89-6811-4B57-8B66-37583105BC46}"
EndProject
Project("{FAE04EC0-301F-11D3-BF4B-00C04F79EFBC}") = "Auto", "Auto\Auto.csproj", "{0F6D691C-9FA1-4B93-A07F-5D381E3E9630}"
EndProject
Project("{FAE04EC0-301F-11D3-BF4B-00C04F79EFBC}") = "Лофт в бизнес-центре", "Лофт в бизнес-центре\Лофт в бизнес-центре.csproj", "{AA50D4AE-CD6A-4FA4-8A71-D5B9528ADEA3}"
EndProject
Project("{FAE04EC0-301F-11D3-BF4B-00C04F79EFBC}") = "Out", "Out\Out.csproj", "{3E1720B1-0EA2-44DE-8A19-5C371DF52587}"
EndProject
Project("{9A19103F-16F7-4668-BE54-9A1E7A4F7556}") = "Библиотека классоф", "Библиотека классоф\Библиотека классоф.csproj", "{4AA78926-5331-4DB6-B8A8-B65CB3E48352}"
EndProject
Project("{FAE04EC0-301F-11D3-BF4B-00C04F79EFBC}") = "Виндовс формс", "Виндовс формс\Виндовс формс.csproj", "{BC786A31-066B-4816-9613-B4F67D291B95}"
EndProject
Project("{FAE04EC0-301F-11D3-BF4B-00C04F79EFBC}") = "Рек", "Рек\Рек.csproj", "{56057F01-4E04-40BC-B5D3-18D1078171CF}"
EndProject
Global
	GlobalSection(SolutionConfigurationPlatforms) = preSolution
		Debug|Any CPU = Debug|Any CPU
		Release|Any CPU = Release|Any CPU
	EndGlobalSection
	GlobalSection(ProjectConfigurationPlatforms) = postSolution
		{CCA13FF8-CFF0-4BC4-A6DD-62FF4EDFBF02}.Debug|Any CPU.ActiveCfg = Debug|Any CPU
		{CCA13FF8-CFF0-4BC4-A6DD-62FF4EDFBF02}.Debug|Any CPU.Build.0 = Debug|Any CPU
		{CCA13FF8-CFF0-4BC4-A6DD-62FF4EDFBF02}.Release|Any CPU.ActiveCfg = Release|Any CPU
		{CCA13FF8-CFF0-4BC4-A6DD-62FF4EDFBF02}.Release|Any CPU.Build.0 = Release|Any CPU
		{6141F44F-50A4-440F-8668-313C44F86F0C}.Debug|Any CPU.ActiveCfg = Debug|Any CPU
		{6141F44F-50A4-440F-8668-313C44F86F0C}.Debug|Any CPU.Build.0 = Debug|Any CPU
		{6141F44F-50A4-440F-8668-313C44F86F0C}.Release|Any CPU.ActiveCfg = Release|Any CPU
		{6141F44F-50A4-440F-8668-313C44F86F0C}.Release|Any CPU.Build.0 = Release|Any CPU
		{5D0AC33C-A127-4B7D-B086-A8B227399845}.Debug|Any CPU.ActiveCfg = Debug|Any CPU
		{5D0AC33C-A127-4B7D-B086-A8B227399845}.Debug|Any CPU.Build.0 = Debug|Any CPU
		{5D0AC33C-A127-4B7D-B086-A8B227399845}.Release|Any CPU.ActiveCfg = Release|Any CPU
		{5D0AC33C-A127-4B7D-B086-A8B227399845}.Release|Any CPU.Build.0 = Release|Any CPU
		{7642AD49-0A5A-4C84-8E3A-6D6F35FD6CFC}.Debug|Any CPU.ActiveCfg = Debug|Any CPU
		{7642AD49-0A5A-4C84-8E3A-6D6F35FD6CFC}.Debug|Any CPU.Build.0 = Debug|Any CPU
		{7642AD49-0A5A-4C84-8E3A-6D6F35FD6CFC}.Release|Any CPU.ActiveCfg = Release|Any CPU
		{7642AD49-0A5A-4C84-8E3A-6D6F35FD6CFC}.Release|Any CPU.Build.0 = Release|Any CPU
		{D6F5C5F3-105F-4427-ADB3-255C252637BE}.Debug|Any CPU.ActiveCfg = Debug|Any CPU
		{D6F5C5F3-105F-4427-ADB3-255C252637BE}.Debug|Any CPU.Build.0 = Debug|Any CPU
		{D6F5C5F3-105F-4427-ADB3-255C252637BE}.Release|Any CPU.ActiveCfg = Release|Any CPU
		{D6F5C5F3-105F-4427-ADB3-255C252637BE}.Release|Any CPU.Build.0 = Release|Any CPU
		{9D21C326-BB05-4440-B5E3-6FC2FE30B422}.Debug|Any CPU.ActiveCfg = Debug|Any CPU
		{9D21C326-BB05-4440-B5E3-6FC2FE30B422}.Debug|Any CPU.Build.0 = Debug|Any CPU
		{9D21C326-BB05-4440-B5E3-6FC2FE30B422}.Release|Any CPU.ActiveCfg = Release|Any CPU
		{9D21C326-BB05-4440-B5E3-6FC2FE30B422}.Release|Any CPU.Build.0 = Release|Any CPU
		{3C8FE511-6A67-45FF-ABDF-A149DF61C97B}.Debug|Any CPU.ActiveCfg = Debug|Any CPU
		{3C8FE511-6A67-45FF-ABDF-A149DF61C97B}.Debug|Any CPU.Build.0 = Debug|Any CPU
		{3C8FE511-6A67-45FF-ABDF-A149DF61C97B}.Release|Any CPU.ActiveCfg = Release|Any CPU
		{3C8FE511-6A67-45FF-ABDF-A149DF61C97B}.Release|Any CPU.Build.0 = Release|Any CPU
		{AE70CD89-24C6-4ED1-8986-D6D37A877790}.Debug|Any CPU.ActiveCfg = Debug|Any CPU
		{AE70CD89-24C6-4ED1-8986-D6D37A877790}.Debug|Any CPU.Build.0 = Debug|Any CPU
		{AE70CD89-24C6-4ED1-8986-D6D37A877790}.Release|Any CPU.ActiveCfg = Release|Any CPU
		{AE70CD89-24C6-4ED1-8986-D6D37A877790}.Release|Any CPU.Build.0 = Release|Any CPU
		{D3F1ED0D-9B76-4A06-89AC-78A7F46649CF}.Debug|Any CPU.ActiveCfg = Debug|Any CPU
		{D3F1ED0D-9B76-4A06-89AC-78A7F46649CF}.Debug|Any CPU.Build.0 = Debug|Any CPU
		{D3F1ED0D-9B76-4A06-89AC-78A7F46649CF}.Release|Any CPU.ActiveCfg = Release|Any CPU
		{D3F1ED0D-9B76-4A06-89AC-78A7F46649CF}.Release|Any CPU.Build.0 = Release|Any CPU
		{6915F0C2-6D42-485D-8F0D-AB690DC1AE65}.Debug|Any CPU.ActiveCfg = Debug|Any CPU
		{6915F0C2-6D42-485D-8F0D-AB690DC1AE65}.Debug|Any CPU.Build.0 = Debug|Any CPU
		{6915F0C2-6D42-485D-8F0D-AB690DC1AE65}.Release|Any CPU.ActiveCfg = Release|Any CPU
		{6915F0C2-6D42-485D-8F0D-AB690DC1AE65}.Release|Any CPU.Build.0 = Release|Any CPU
		{F2C0547F-111D-4BC7-9B64-0F6060CD5ADB}.Debug|Any CPU.ActiveCfg = Debug|Any CPU
		{F2C0547F-111D-4BC7-9B64-0F6060CD5ADB}.Debug|Any CPU.Build.0 = Debug|Any CPU
		{F2C0547F-111D-4BC7-9B64-0F6060CD5ADB}.Release|Any CPU.ActiveCfg = Release|Any CPU
		{F2C0547F-111D-4BC7-9B64-0F6060CD5ADB}.Release|Any CPU.Build.0 = Release|Any CPU
		{0212DA13-EBF8-41BB-874B-F78A9F57F49E}.Debug|Any CPU.ActiveCfg = Debug|Any CPU
		{0212DA13-EBF8-41BB-874B-F78A9F57F49E}.Debug|Any CPU.Build.0 = Debug|Any CPU
		{0212DA13-EBF8-41BB-874B-F78A9F57F49E}.Release|Any CPU.ActiveCfg = Release|Any CPU
		{0212DA13-EBF8-41BB-874B-F78A9F57F49E}.Release|Any CPU.Build.0 = Release|Any CPU
		{09F075F5-B008-4873-9928-F0616094B097}.Debug|Any CPU.ActiveCfg = Debug|Any CPU
		{09F075F5-B008-4873-9928-F0616094B097}.Debug|Any CPU.Build.0 = Debug|Any CPU
		{09F075F5-B008-4873-9928-F0616094B097}.Release|Any CPU.ActiveCfg = Release|Any CPU
		{09F075F5-B008-4873-9928-F0616094B097}.Release|Any CPU.Build.0 = Release|Any CPU
		{E5DB5B89-6811-4B57-8B66-37583105BC46}.Debug|Any CPU.ActiveCfg = Debug|Any CPU
		{E5DB5B89-6811-4B57-8B66-37583105BC46}.Debug|Any CPU.Build.0 = Debug|Any CPU
		{E5DB5B89-6811-4B57-8B66-37583105BC46}.Release|Any CPU.ActiveCfg = Release|Any CPU
		{E5DB5B89-6811-4B57-8B66-37583105BC46}.Release|Any CPU.Build.0 = Release|Any CPU
		{0F6D691C-9FA1-4B93-A07F-5D381E3E9630}.Debug|Any CPU.ActiveCfg = Debug|Any CPU
		{0F6D691C-9FA1-4B93-A07F-5D381E3E9630}.Debug|Any CPU.Build.0 = Debug|Any CPU
		{0F6D691C-9FA1-4B93-A07F-5D381E3E9630}.Release|Any CPU.ActiveCfg = Release|Any CPU
		{0F6D691C-9FA1-4B93-A07F-5D381E3E9630}.Release|Any CPU.Build.0 = Release|Any CPU
		{AA50D4AE-CD6A-4FA4-8A71-D5B9528ADEA3}.Debug|Any CPU.ActiveCfg = Debug|Any CPU
		{AA50D4AE-CD6A-4FA4-8A71-D5B9528ADEA3}.Debug|Any CPU.Build.0 = Debug|Any CPU
		{AA50D4AE-CD6A-4FA4-8A71-D5B9528ADEA3}.Release|Any CPU.ActiveCfg = Release|Any CPU
		{AA50D4AE-CD6A-4FA4-8A71-D5B9528ADEA3}.Release|Any CPU.Build.0 = Release|Any CPU
		{3E1720B1-0EA2-44DE-8A19-5C371DF52587}.Debug|Any CPU.ActiveCfg = Debug|Any CPU
		{3E1720B1-0EA2-44DE-8A19-5C371DF52587}.Debug|Any CPU.Build.0 = Debug|Any CPU
		{3E1720B1-0EA2-44DE-8A19-5C371DF52587}.Release|Any CPU.ActiveCfg = Release|Any CPU
		{3E1720B1-0EA2-44DE-8A19-5C371DF52587}.Release|Any CPU.Build.0 = Release|Any CPU
		{4AA78926-5331-4DB6-B8A8-B65CB3E48352}.Debug|Any CPU.ActiveCfg = Debug|Any CPU
		{4AA78926-5331-4DB6-B8A8-B65CB3E48352}.Debug|Any CPU.Build.0 = Debug|Any CPU
		{4AA78926-5331-4DB6-B8A8-B65CB3E48352}.Release|Any CPU.ActiveCfg = Release|Any CPU
		{4AA78926-5331-4DB6-B8A8-B65CB3E48352}.Release|Any CPU.Build.0 = Release|Any CPU
		{BC786A31-066B-4816-9613-B4F67D291B95}.Debug|Any CPU.ActiveCfg = Debug|Any CPU
		{BC786A31-066B-4816-9613-B4F67D291B95}.Debug|Any CPU.Build.0 = Debug|Any CPU
		{BC786A31-066B-4816-9613-B4F67D291B95}.Release|Any CPU.ActiveCfg = Release|Any CPU
		{BC786A31-066B-4816-9613-B4F67D291B95}.Release|Any CPU.Build.0 = Release|Any CPU
		{56057F01-4E04-40BC-B5D3-18D1078171CF}.Debug|Any CPU.ActiveCfg = Debug|Any CPU
		{56057F01-4E04-40BC-B5D3-18D1078171CF}.Debug|Any CPU.Build.0 = Debug|Any CPU
		{56057F01-4E04-40BC-B5D3-18D1078171CF}.Release|Any CPU.ActiveCfg = Release|Any CPU
		{56057F01-4E04-40BC-B5D3-18D1078171CF}.Release|Any CPU.Build.0 = Release|Any CPU
	EndGlobalSection
	GlobalSection(SolutionProperties) = preSolution
		HideSolutionNode = FALSE
	EndGlobalSection
	GlobalSection(ExtensibilityGlobals) = postSolution
		SolutionGuid = {25D6E1CC-E178-4C41-BCF4-2165B6750BBF}
	EndGlobalSection
EndGlobal
